
Microsoft Visual Studio Solution File, Format Version 12.00
# Visual Studio Version 17
VisualStudioVersion = 17.8.34309.116
MinimumVisualStudioVersion = 10.0.40219.1
Project("{FAE04EC0-301F-11D3-BF4B-00C04F79EFBC}") = "xm practice", "xm practice\xm practice.csproj", "{822F1617-6235-41AD-8E16-8F4E8D0F9EFE}"
EndProject
Global
	GlobalSection(SolutionConfigurationPlatforms) = preSolution
		Debug|Any CPU = Debug|Any CPU
		Release|Any CPU = Release|Any CPU
	EndGlobalSection
	GlobalSection(ProjectConfigurationPlatforms) = postSolution
		{822F1617-6235-41AD-8E16-8F4E8D0F9EFE}.Debug|Any CPU.ActiveCfg = Debug|Any CPU
		{822F1617-6235-41AD-8E16-8F4E8D0F9EFE}.Debug|Any CPU.Build.0 = Debug|Any CPU
		{822F1617-6235-41AD-8E16-8F4E8D0F9EFE}.Release|Any CPU.ActiveCfg = Release|Any CPU
		{822F1617-6235-41AD-8E16-8F4E8D0F9EFE}.Release|Any CPU.Build.0 = Release|Any CPU
	EndGlobalSection
	GlobalSection(SolutionProperties) = preSolution
		HideSolutionNode = FALSE
	EndGlobalSection
	GlobalSection(ExtensibilityGlobals) = postSolution
		SolutionGuid = {912F75B6-D881-433B-9729-B17D09A2F13D}
	EndGlobalSection
EndGlobal
